
Microsoft Visual Studio Solution File, Format Version 12.00
# Visual Studio Version 16
VisualStudioVersion = 16.0.31727.386
MinimumVisualStudioVersion = 10.0.40219.1
Project("{FAE04EC0-301F-11D3-BF4B-00C04F79EFBC}") = "OpenTKV3", "OpenTKV3\OpenTKV3.csproj", "{3075D0F2-84B7-41F1-826C-061A2B4012C7}"
EndProject
Global
	GlobalSection(SolutionConfigurationPlatforms) = preSolution
		Debug|Any CPU = Debug|Any CPU
		Release|Any CPU = Release|Any CPU
	EndGlobalSection
	GlobalSection(ProjectConfigurationPlatforms) = postSolution
		{3075D0F2-84B7-41F1-826C-061A2B4012C7}.Debug|Any CPU.ActiveCfg = Debug|Any CPU
		{3075D0F2-84B7-41F1-826C-061A2B4012C7}.Debug|Any CPU.Build.0 = Debug|Any CPU
		{3075D0F2-84B7-41F1-826C-061A2B4012C7}.Release|Any CPU.ActiveCfg = Release|Any CPU
		{3075D0F2-84B7-41F1-826C-061A2B4012C7}.Release|Any CPU.Build.0 = Release|Any CPU
	EndGlobalSection
	GlobalSection(SolutionProperties) = preSolution
		HideSolutionNode = FALSE
	EndGlobalSection
	GlobalSection(ExtensibilityGlobals) = postSolution
		SolutionGuid = {3AD5A91E-CED4-4FBE-A291-399CCA412EB1}
	EndGlobalSection
EndGlobal
